
Microsoft Visual Studio Solution File, Format Version 12.00
# Visual Studio Version 16
VisualStudioVersion = 16.0.31025.194
MinimumVisualStudioVersion = 10.0.40219.1
Project("{9A19103F-16F7-4668-BE54-9A1E7A4F7556}") = "TestGRpc", "TestGRpc\TestGRpc.csproj", "{AED5727D-B39D-443C-9848-7141BA4BD75C}"
EndProject
Project("{9A19103F-16F7-4668-BE54-9A1E7A4F7556}") = "ClientTest", "ClientTest\ClientTest.csproj", "{F6693EC2-BD84-48B3-86B7-33EDCB6D27BC}"
EndProject
Project("{FAE04EC0-301F-11D3-BF4B-00C04F79EFBC}") = "WpfApp1", "WpfApp1\WpfApp1.csproj", "{16472720-FE32-4559-99FA-D13408EC0C4C}"
EndProject
Project("{FAE04EC0-301F-11D3-BF4B-00C04F79EFBC}") = "WPF.Library", "WPF.Library\WPF.Library.csproj", "{D9DB8FB7-FA2B-4A70-BE41-B20000E3D4A8}"
EndProject
Global
	GlobalSection(SolutionConfigurationPlatforms) = preSolution
		Debug|Any CPU = Debug|Any CPU
		Release|Any CPU = Release|Any CPU
	EndGlobalSection
	GlobalSection(ProjectConfigurationPlatforms) = postSolution
		{AED5727D-B39D-443C-9848-7141BA4BD75C}.Debug|Any CPU.ActiveCfg = Debug|Any CPU
		{AED5727D-B39D-443C-9848-7141BA4BD75C}.Debug|Any CPU.Build.0 = Debug|Any CPU
		{AED5727D-B39D-443C-9848-7141BA4BD75C}.Release|Any CPU.ActiveCfg = Release|Any CPU
		{AED5727D-B39D-443C-9848-7141BA4BD75C}.Release|Any CPU.Build.0 = Release|Any CPU
		{F6693EC2-BD84-48B3-86B7-33EDCB6D27BC}.Debug|Any CPU.ActiveCfg = Debug|Any CPU
		{F6693EC2-BD84-48B3-86B7-33EDCB6D27BC}.Debug|Any CPU.Build.0 = Debug|Any CPU
		{F6693EC2-BD84-48B3-86B7-33EDCB6D27BC}.Release|Any CPU.ActiveCfg = Release|Any CPU
		{F6693EC2-BD84-48B3-86B7-33EDCB6D27BC}.Release|Any CPU.Build.0 = Release|Any CPU
		{16472720-FE32-4559-99FA-D13408EC0C4C}.Debug|Any CPU.ActiveCfg = Debug|Any CPU
		{16472720-FE32-4559-99FA-D13408EC0C4C}.Debug|Any CPU.Build.0 = Debug|Any CPU
		{16472720-FE32-4559-99FA-D13408EC0C4C}.Release|Any CPU.ActiveCfg = Release|Any CPU
		{16472720-FE32-4559-99FA-D13408EC0C4C}.Release|Any CPU.Build.0 = Release|Any CPU
		{D9DB8FB7-FA2B-4A70-BE41-B20000E3D4A8}.Debug|Any CPU.ActiveCfg = Debug|Any CPU
		{D9DB8FB7-FA2B-4A70-BE41-B20000E3D4A8}.Debug|Any CPU.Build.0 = Debug|Any CPU
		{D9DB8FB7-FA2B-4A70-BE41-B20000E3D4A8}.Release|Any CPU.ActiveCfg = Release|Any CPU
		{D9DB8FB7-FA2B-4A70-BE41-B20000E3D4A8}.Release|Any CPU.Build.0 = Release|Any CPU
	EndGlobalSection
	GlobalSection(SolutionProperties) = preSolution
		HideSolutionNode = FALSE
	EndGlobalSection
	GlobalSection(ExtensibilityGlobals) = postSolution
		SolutionGuid = {760E22ED-FBC0-48F4-A916-36403C471205}
	EndGlobalSection
EndGlobal
